
Microsoft Visual Studio Solution File, Format Version 12.00
# Visual Studio Version 17
VisualStudioVersion = 17.0.32014.148
MinimumVisualStudioVersion = 10.0.40219.1
Project("{9A19103F-16F7-4668-BE54-9A1E7A4F7556}") = "Photino.Blazor", "Photino.Blazor\Photino.Blazor.csproj", "{446CE57D-DA5A-45CE-8FC2-D23821AC39DC}"
EndProject
Project("{2150E333-8FDC-42A3-9474-1A3956D46DE8}") = "Solution Items", "Solution Items", "{3CF0D9AA-E982-4D0D-8A6D-90D42B74E6CE}"
	ProjectSection(SolutionItems) = preProject
		.gitignore = .gitignore
		azure-pipelines-photino.blazor-dev.yml = azure-pipelines-photino.blazor-dev.yml
		azure-pipelines-photino.blazor-prod.yml = azure-pipelines-photino.blazor-prod.yml
		README.md = README.md
	EndProjectSection
EndProject
Project("{2150E333-8FDC-42A3-9474-1A3956D46DE8}") = "Samples", "Samples", "{1F04F43F-CA2D-44E4-8984-4B8E4B875BD3}"
EndProject
Project("{9A19103F-16F7-4668-BE54-9A1E7A4F7556}") = "HelloWorld", "Samples\HelloWorld\HelloWorld.csproj", "{80ED21DC-B719-4156-8ECB-95F3D3676308}"
EndProject
Project("{9A19103F-16F7-4668-BE54-9A1E7A4F7556}") = "Photino.Blazor.Sample", "Samples\Photino.Blazor.Sample\Photino.Blazor.Sample.csproj", "{F93401BA-DA5B-4974-8733-09F88DE17720}"
EndProject
Project("{9A19103F-16F7-4668-BE54-9A1E7A4F7556}") = "Photino.Blazor.Templates", "Templates\Photino.Blazor.Templates.csproj", "{135E35E8-35D7-4441-839C-0D8F468D4333}"
EndProject
Project("{9A19103F-16F7-4668-BE54-9A1E7A4F7556}") = "Photino.Blazor.MudBlazorSample", "Samples\Photino.Blazor.MudBlazorSample\Photino.Blazor.MudBlazorSample.csproj", "{B4C25E6E-F50C-4B9F-8FF6-C246342FC4D6}"
EndProject
Global
	GlobalSection(SolutionConfigurationPlatforms) = preSolution
		Debug|Any CPU = Debug|Any CPU
		Release|Any CPU = Release|Any CPU
	EndGlobalSection
	GlobalSection(ProjectConfigurationPlatforms) = postSolution
		{446CE57D-DA5A-45CE-8FC2-D23821AC39DC}.Debug|Any CPU.ActiveCfg = Debug|Any CPU
		{446CE57D-DA5A-45CE-8FC2-D23821AC39DC}.Debug|Any CPU.Build.0 = Debug|Any CPU
		{446CE57D-DA5A-45CE-8FC2-D23821AC39DC}.Release|Any CPU.ActiveCfg = Release|Any CPU
		{446CE57D-DA5A-45CE-8FC2-D23821AC39DC}.Release|Any CPU.Build.0 = Release|Any CPU
		{80ED21DC-B719-4156-8ECB-95F3D3676308}.Debug|Any CPU.ActiveCfg = Debug|Any CPU
		{80ED21DC-B719-4156-8ECB-95F3D3676308}.Debug|Any CPU.Build.0 = Debug|Any CPU
		{80ED21DC-B719-4156-8ECB-95F3D3676308}.Release|Any CPU.ActiveCfg = Release|Any CPU
		{80ED21DC-B719-4156-8ECB-95F3D3676308}.Release|Any CPU.Build.0 = Release|Any CPU
		{F93401BA-DA5B-4974-8733-09F88DE17720}.Debug|Any CPU.ActiveCfg = Debug|Any CPU
		{F93401BA-DA5B-4974-8733-09F88DE17720}.Debug|Any CPU.Build.0 = Debug|Any CPU
		{F93401BA-DA5B-4974-8733-09F88DE17720}.Release|Any CPU.ActiveCfg = Release|Any CPU
		{F93401BA-DA5B-4974-8733-09F88DE17720}.Release|Any CPU.Build.0 = Release|Any CPU
		{135E35E8-35D7-4441-839C-0D8F468D4333}.Debug|Any CPU.ActiveCfg = Debug|Any CPU
		{135E35E8-35D7-4441-839C-0D8F468D4333}.Debug|Any CPU.Build.0 = Debug|Any CPU
		{135E35E8-35D7-4441-839C-0D8F468D4333}.Release|Any CPU.ActiveCfg = Release|Any CPU
		{135E35E8-35D7-4441-839C-0D8F468D4333}.Release|Any CPU.Build.0 = Release|Any CPU
		{B4C25E6E-F50C-4B9F-8FF6-C246342FC4D6}.Debug|Any CPU.ActiveCfg = Debug|Any CPU
		{B4C25E6E-F50C-4B9F-8FF6-C246342FC4D6}.Debug|Any CPU.Build.0 = Debug|Any CPU
		{B4C25E6E-F50C-4B9F-8FF6-C246342FC4D6}.Release|Any CPU.ActiveCfg = Release|Any CPU
		{B4C25E6E-F50C-4B9F-8FF6-C246342FC4D6}.Release|Any CPU.Build.0 = Release|Any CPU
	EndGlobalSection
	GlobalSection(SolutionProperties) = preSolution
		HideSolutionNode = FALSE
	EndGlobalSection
	GlobalSection(NestedProjects) = preSolution
		{80ED21DC-B719-4156-8ECB-95F3D3676308} = {1F04F43F-CA2D-44E4-8984-4B8E4B875BD3}
		{F93401BA-DA5B-4974-8733-09F88DE17720} = {1F04F43F-CA2D-44E4-8984-4B8E4B875BD3}
		{B4C25E6E-F50C-4B9F-8FF6-C246342FC4D6} = {1F04F43F-CA2D-44E4-8984-4B8E4B875BD3}
	EndGlobalSection
	GlobalSection(ExtensibilityGlobals) = postSolution
		SolutionGuid = {0639F843-32E3-4B90-BBB0-0F589AD82B9F}
	EndGlobalSection
EndGlobal
