
Microsoft Visual Studio Solution File, Format Version 12.00
# Visual Studio Version 16
VisualStudioVersion = 16.0.30717.126
MinimumVisualStudioVersion = 10.0.40219.1
Project("{9A19103F-16F7-4668-BE54-9A1E7A4F7556}") = "Photino.Blazor", "Photino.Blazor\Photino.Blazor.csproj", "{446CE57D-DA5A-45CE-8FC2-D23821AC39DC}"
EndProject
Project("{9A19103F-16F7-4668-BE54-9A1E7A4F7556}") = "Photino.Blazor.JS", "Photino.Blazor.JS\Photino.Blazor.JS.csproj", "{9F3F3870-47BB-49E1-94D4-31A9AD1C2444}"
EndProject
Project("{2150E333-8FDC-42A3-9474-1A3956D46DE8}") = "Solution Items", "Solution Items", "{3CF0D9AA-E982-4D0D-8A6D-90D42B74E6CE}"
	ProjectSection(SolutionItems) = preProject
		.gitignore = .gitignore
		azure-pipelines-photino.blazor-dev.yml = azure-pipelines-photino.blazor-dev.yml
		azure-pipelines-photino.blazor-prod.yml = azure-pipelines-photino.blazor-prod.yml
		README.md = README.md
	EndProjectSection
EndProject
Project("{2150E333-8FDC-42A3-9474-1A3956D46DE8}") = "Samples", "Samples", "{1F04F43F-CA2D-44E4-8984-4B8E4B875BD3}"
EndProject
Project("{9A19103F-16F7-4668-BE54-9A1E7A4F7556}") = "_1_Hello_World", "Samples\_1_Hello_World\_1_Hello_World.csproj", "{B5A5E655-DCAE-4553-AC8B-6E26287D9C3B}"
EndProject
Global
	GlobalSection(SolutionConfigurationPlatforms) = preSolution
		Debug|Any CPU = Debug|Any CPU
		Release|Any CPU = Release|Any CPU
	EndGlobalSection
	GlobalSection(ProjectConfigurationPlatforms) = postSolution
		{446CE57D-DA5A-45CE-8FC2-D23821AC39DC}.Debug|Any CPU.ActiveCfg = Debug|Any CPU
		{446CE57D-DA5A-45CE-8FC2-D23821AC39DC}.Debug|Any CPU.Build.0 = Debug|Any CPU
		{446CE57D-DA5A-45CE-8FC2-D23821AC39DC}.Release|Any CPU.ActiveCfg = Release|Any CPU
		{446CE57D-DA5A-45CE-8FC2-D23821AC39DC}.Release|Any CPU.Build.0 = Release|Any CPU
		{9F3F3870-47BB-49E1-94D4-31A9AD1C2444}.Debug|Any CPU.ActiveCfg = Debug|Any CPU
		{9F3F3870-47BB-49E1-94D4-31A9AD1C2444}.Debug|Any CPU.Build.0 = Debug|Any CPU
		{9F3F3870-47BB-49E1-94D4-31A9AD1C2444}.Release|Any CPU.ActiveCfg = Release|Any CPU
		{9F3F3870-47BB-49E1-94D4-31A9AD1C2444}.Release|Any CPU.Build.0 = Release|Any CPU
		{B5A5E655-DCAE-4553-AC8B-6E26287D9C3B}.Debug|Any CPU.ActiveCfg = Debug|Any CPU
		{B5A5E655-DCAE-4553-AC8B-6E26287D9C3B}.Debug|Any CPU.Build.0 = Debug|Any CPU
		{B5A5E655-DCAE-4553-AC8B-6E26287D9C3B}.Release|Any CPU.ActiveCfg = Release|Any CPU
		{B5A5E655-DCAE-4553-AC8B-6E26287D9C3B}.Release|Any CPU.Build.0 = Release|Any CPU
	EndGlobalSection
	GlobalSection(SolutionProperties) = preSolution
		HideSolutionNode = FALSE
	EndGlobalSection
	GlobalSection(NestedProjects) = preSolution
		{B5A5E655-DCAE-4553-AC8B-6E26287D9C3B} = {1F04F43F-CA2D-44E4-8984-4B8E4B875BD3}
	EndGlobalSection
	GlobalSection(ExtensibilityGlobals) = postSolution
		SolutionGuid = {0639F843-32E3-4B90-BBB0-0F589AD82B9F}
	EndGlobalSection
EndGlobal
